// !$*UTF8*$!
{
	archiveVersion = 1;
	classes = {
	};
	objectVersion = 55;
	objects = {

/* Begin PBXBuildFile section */
		87E5005C28D5C04400C33F9E /* AppDelegate.swift in Sources */ = {isa = PBXBuildFile; fileRef = 87E5005B28D5C04400C33F9E /* AppDelegate.swift */; };
		87E5005E28D5C04400C33F9E /* SceneDelegate.swift in Sources */ = {isa = PBXBuildFile; fileRef = 87E5005D28D5C04400C33F9E /* SceneDelegate.swift */; };
		87E5006028D5C04400C33F9E /* QuizViewController.swift in Sources */ = {isa = PBXBuildFile; fileRef = 87E5005F28D5C04400C33F9E /* QuizViewController.swift */; };
		87E5006328D5C04400C33F9E /* Main.storyboard in Resources */ = {isa = PBXBuildFile; fileRef = 87E5006128D5C04400C33F9E /* Main.storyboard */; };
		87E5006528D5C04600C33F9E /* Assets.xcassets in Resources */ = {isa = PBXBuildFile; fileRef = 87E5006428D5C04600C33F9E /* Assets.xcassets */; };
		87E5006828D5C04600C33F9E /* LaunchScreen.storyboard in Resources */ = {isa = PBXBuildFile; fileRef = 87E5006628D5C04600C33F9E /* LaunchScreen.storyboard */; };
		87E5007128D5CB6500C33F9E /* ObservableObject.swift in Sources */ = {isa = PBXBuildFile; fileRef = 87E5007028D5CB6500C33F9E /* ObservableObject.swift */; };
		87E5007328D5CD6600C33F9E /* NetworkService.swift in Sources */ = {isa = PBXBuildFile; fileRef = 87E5007228D5CD6600C33F9E /* NetworkService.swift */; };
		87E5007528D5CE3F00C33F9E /* QuizViewModel.swift in Sources */ = {isa = PBXBuildFile; fileRef = 87E5007428D5CE3F00C33F9E /* QuizViewModel.swift */; };
		87E5007828D5D33100C33F9E /* Question.swift in Sources */ = {isa = PBXBuildFile; fileRef = 87E5007728D5D33100C33F9E /* Question.swift */; };
/* End PBXBuildFile section */

/* Begin PBXFileReference section */
		87E5005828D5C04400C33F9E /* Qiuzler-mvvm.app */ = {isa = PBXFileReference; explicitFileType = wrapper.application; includeInIndex = 0; path = "Qiuzler-mvvm.app"; sourceTree = BUILT_PRODUCTS_DIR; };
		87E5005B28D5C04400C33F9E /* AppDelegate.swift */ = {isa = PBXFileReference; lastKnownFileType = sourcecode.swift; path = AppDelegate.swift; sourceTree = "<group>"; };
		87E5005D28D5C04400C33F9E /* SceneDelegate.swift */ = {isa = PBXFileReference; lastKnownFileType = sourcecode.swift; path = SceneDelegate.swift; sourceTree = "<group>"; };
		87E5005F28D5C04400C33F9E /* QuizViewController.swift */ = {isa = PBXFileReference; lastKnownFileType = sourcecode.swift; path = QuizViewController.swift; sourceTree = "<group>"; };
		87E5006228D5C04400C33F9E /* Base */ = {isa = PBXFileReference; lastKnownFileType = file.storyboard; name = Base; path = Base.lproj/Main.storyboard; sourceTree = "<group>"; };
		87E5006428D5C04600C33F9E /* Assets.xcassets */ = {isa = PBXFileReference; lastKnownFileType = folder.assetcatalog; path = Assets.xcassets; sourceTree = "<group>"; };
		87E5006728D5C04600C33F9E /* Base */ = {isa = PBXFileReference; lastKnownFileType = file.storyboard; name = Base; path = Base.lproj/LaunchScreen.storyboard; sourceTree = "<group>"; };
		87E5006928D5C04600C33F9E /* Info.plist */ = {isa = PBXFileReference; lastKnownFileType = text.plist.xml; path = Info.plist; sourceTree = "<group>"; };
		87E5007028D5CB6500C33F9E /* ObservableObject.swift */ = {isa = PBXFileReference; lastKnownFileType = sourcecode.swift; path = ObservableObject.swift; sourceTree = "<group>"; };
		87E5007228D5CD6600C33F9E /* NetworkService.swift */ = {isa = PBXFileReference; lastKnownFileType = sourcecode.swift; path = NetworkService.swift; sourceTree = "<group>"; };
		87E5007428D5CE3F00C33F9E /* QuizViewModel.swift */ = {isa = PBXFileReference; lastKnownFileType = sourcecode.swift; path = QuizViewModel.swift; sourceTree = "<group>"; };
		87E5007728D5D33100C33F9E /* Question.swift */ = {isa = PBXFileReference; lastKnownFileType = sourcecode.swift; path = Question.swift; sourceTree = "<group>"; };
/* End PBXFileReference section */

/* Begin PBXFrameworksBuildPhase section */
		87E5005528D5C04400C33F9E /* Frameworks */ = {
			isa = PBXFrameworksBuildPhase;
			buildActionMask = 2147483647;
			files = (
			);
			runOnlyForDeploymentPostprocessing = 0;
		};
/* End PBXFrameworksBuildPhase section */

/* Begin PBXGroup section */
		87E5004F28D5C04300C33F9E = {
			isa = PBXGroup;
			children = (
				87E5005A28D5C04400C33F9E /* Qiuzler-mvvm */,
				87E5005928D5C04400C33F9E /* Products */,
			);
			sourceTree = "<group>";
		};
		87E5005928D5C04400C33F9E /* Products */ = {
			isa = PBXGroup;
			children = (
				87E5005828D5C04400C33F9E /* Qiuzler-mvvm.app */,
			);
			name = Products;
			sourceTree = "<group>";
		};
		87E5005A28D5C04400C33F9E /* Qiuzler-mvvm */ = {
			isa = PBXGroup;
			children = (
				87E5005B28D5C04400C33F9E /* AppDelegate.swift */,
				87E5005D28D5C04400C33F9E /* SceneDelegate.swift */,
				87E5006F28D5CB1400C33F9E /* QuizView */,
				87E5007628D5D2FB00C33F9E /* Model */,
				87E5006128D5C04400C33F9E /* Main.storyboard */,
				87E5006428D5C04600C33F9E /* Assets.xcassets */,
				87E5006628D5C04600C33F9E /* LaunchScreen.storyboard */,
				87E5006928D5C04600C33F9E /* Info.plist */,
				87E5007028D5CB6500C33F9E /* ObservableObject.swift */,
				87E5007228D5CD6600C33F9E /* NetworkService.swift */,
			);
			path = "Qiuzler-mvvm";
			sourceTree = "<group>";
		};
		87E5006F28D5CB1400C33F9E /* QuizView */ = {
			isa = PBXGroup;
			children = (
				87E5005F28D5C04400C33F9E /* QuizViewController.swift */,
				87E5007428D5CE3F00C33F9E /* QuizViewModel.swift */,
			);
			path = QuizView;
			sourceTree = "<group>";
		};
		87E5007628D5D2FB00C33F9E /* Model */ = {
			isa = PBXGroup;
			children = (
				87E5007728D5D33100C33F9E /* Question.swift */,
			);
			path = Model;
			sourceTree = "<group>";
		};
/* End PBXGroup section */

/* Begin PBXNativeTarget section */
		87E5005728D5C04400C33F9E /* Qiuzler-mvvm */ = {
			isa = PBXNativeTarget;
			buildConfigurationList = 87E5006C28D5C04600C33F9E /* Build configuration list for PBXNativeTarget "Qiuzler-mvvm" */;
			buildPhases = (
				87E5005428D5C04400C33F9E /* Sources */,
				87E5005528D5C04400C33F9E /* Frameworks */,
				87E5005628D5C04400C33F9E /* Resources */,
			);
			buildRules = (
			);
			dependencies = (
			);
			name = "Qiuzler-mvvm";
			productName = "Qiuzler-mvvm";
			productReference = 87E5005828D5C04400C33F9E /* Qiuzler-mvvm.app */;
			productType = "com.apple.product-type.application";
		};
/* End PBXNativeTarget section */

/* Begin PBXProject section */
		87E5005028D5C04300C33F9E /* Project object */ = {
			isa = PBXProject;
			attributes = {
				BuildIndependentTargetsInParallel = 1;
				LastSwiftUpdateCheck = 1330;
				LastUpgradeCheck = 1330;
				TargetAttributes = {
					87E5005728D5C04400C33F9E = {
						CreatedOnToolsVersion = 13.3;
					};
				};
			};
			buildConfigurationList = 87E5005328D5C04400C33F9E /* Build configuration list for PBXProject "Qiuzler-mvvm" */;
			compatibilityVersion = "Xcode 13.0";
			developmentRegion = en;
			hasScannedForEncodings = 0;
			knownRegions = (
				en,
				Base,
			);
			mainGroup = 87E5004F28D5C04300C33F9E;
			productRefGroup = 87E5005928D5C04400C33F9E /* Products */;
			projectDirPath = "";
			projectRoot = "";
			targets = (
				87E5005728D5C04400C33F9E /* Qiuzler-mvvm */,
			);
		};
/* End PBXProject section */

/* Begin PBXResourcesBuildPhase section */
		87E5005628D5C04400C33F9E /* Resources */ = {
			isa = PBXResourcesBuildPhase;
			buildActionMask = 2147483647;
			files = (
				87E5006828D5C04600C33F9E /* LaunchScreen.storyboard in Resources */,
				87E5006528D5C04600C33F9E /* Assets.xcassets in Resources */,
				87E5006328D5C04400C33F9E /* Main.storyboard in Resources */,
			);
			runOnlyForDeploymentPostprocessing = 0;
		};
/* End PBXResourcesBuildPhase section */

/* Begin PBXSourcesBuildPhase section */
		87E5005428D5C04400C33F9E /* Sources */ = {
			isa = PBXSourcesBuildPhase;
			buildActionMask = 2147483647;
			files = (
				87E5007828D5D33100C33F9E /* Question.swift in Sources */,
				87E5007328D5CD6600C33F9E /* NetworkService.swift in Sources */,
				87E5006028D5C04400C33F9E /* QuizViewController.swift in Sources */,
				87E5007128D5CB6500C33F9E /* ObservableObject.swift in Sources */,
				87E5007528D5CE3F00C33F9E /* QuizViewModel.swift in Sources */,
				87E5005C28D5C04400C33F9E /* AppDelegate.swift in Sources */,
				87E5005E28D5C04400C33F9E /* SceneDelegate.swift in Sources */,
			);
			runOnlyForDeploymentPostprocessing = 0;
		};
/* End PBXSourcesBuildPhase section */

/* Begin PBXVariantGroup section */
		87E5006128D5C04400C33F9E /* Main.storyboard */ = {
			isa = PBXVariantGroup;
			children = (
				87E5006228D5C04400C33F9E /* Base */,
			);
			name = Main.storyboard;
			sourceTree = "<group>";
		};
		87E5006628D5C04600C33F9E /* LaunchScreen.storyboard */ = {
			isa = PBXVariantGroup;
			children = (
				87E5006728D5C04600C33F9E /* Base */,
			);
			name = LaunchScreen.storyboard;
			sourceTree = "<group>";
		};
/* End PBXVariantGroup section */

/* Begin XCBuildConfiguration section */
		87E5006A28D5C04600C33F9E /* Debug */ = {
			isa = XCBuildConfiguration;
			buildSettings = {
				ALWAYS_SEARCH_USER_PATHS = NO;
				CLANG_ANALYZER_NONNULL = YES;
				CLANG_ANALYZER_NUMBER_OBJECT_CONVERSION = YES_AGGRESSIVE;
				CLANG_CXX_LANGUAGE_STANDARD = "gnu++17";
				CLANG_ENABLE_MODULES = YES;
				CLANG_ENABLE_OBJC_ARC = YES;
				CLANG_ENABLE_OBJC_WEAK = YES;
				CLANG_WARN_BLOCK_CAPTURE_AUTORELEASING = YES;
				CLANG_WARN_BOOL_CONVERSION = YES;
				CLANG_WARN_COMMA = YES;
				CLANG_WARN_CONSTANT_CONVERSION = YES;
				CLANG_WARN_DEPRECATED_OBJC_IMPLEMENTATIONS = YES;
				CLANG_WARN_DIRECT_OBJC_ISA_USAGE = YES_ERROR;
				CLANG_WARN_DOCUMENTATION_COMMENTS = YES;
				CLANG_WARN_EMPTY_BODY = YES;
				CLANG_WARN_ENUM_CONVERSION = YES;
				CLANG_WARN_INFINITE_RECURSION = YES;
				CLANG_WARN_INT_CONVERSION = YES;
				CLANG_WARN_NON_LITERAL_NULL_CONVERSION = YES;
				CLANG_WARN_OBJC_IMPLICIT_RETAIN_SELF = YES;
				CLANG_WARN_OBJC_LITERAL_CONVERSION = YES;
				CLANG_WARN_OBJC_ROOT_CLASS = YES_ERROR;
				CLANG_WARN_QUOTED_INCLUDE_IN_FRAMEWORK_HEADER = YES;
				CLANG_WARN_RANGE_LOOP_ANALYSIS = YES;
				CLANG_WARN_STRICT_PROTOTYPES = YES;
				CLANG_WARN_SUSPICIOUS_MOVE = YES;
				CLANG_WARN_UNGUARDED_AVAILABILITY = YES_AGGRESSIVE;
				CLANG_WARN_UNREACHABLE_CODE = YES;
				CLANG_WARN__DUPLICATE_METHOD_MATCH = YES;
				COPY_PHASE_STRIP = NO;
				DEBUG_INFORMATION_FORMAT = dwarf;
				ENABLE_STRICT_OBJC_MSGSEND = YES;
				ENABLE_TESTABILITY = YES;
				GCC_C_LANGUAGE_STANDARD = gnu11;
				GCC_DYNAMIC_NO_PIC = NO;
				GCC_NO_COMMON_BLOCKS = YES;
				GCC_OPTIMIZATION_LEVEL = 0;
				GCC_PREPROCESSOR_DEFINITIONS = (
					"DEBUG=1",
					"$(inherited)",
				);
				GCC_WARN_64_TO_32_BIT_CONVERSION = YES;
				GCC_WARN_ABOUT_RETURN_TYPE = YES_ERROR;
				GCC_WARN_UNDECLARED_SELECTOR = YES;
				GCC_WARN_UNINITIALIZED_AUTOS = YES_AGGRESSIVE;
				GCC_WARN_UNUSED_FUNCTION = YES;
				GCC_WARN_UNUSED_VARIABLE = YES;
				IPHONEOS_DEPLOYMENT_TARGET = 15.4;
				MTL_ENABLE_DEBUG_INFO = INCLUDE_SOURCE;
				MTL_FAST_MATH = YES;
				ONLY_ACTIVE_ARCH = YES;
				SDKROOT = iphoneos;
				SWIFT_ACTIVE_COMPILATION_CONDITIONS = DEBUG;
				SWIFT_OPTIMIZATION_LEVEL = "-Onone";
			};
			name = Debug;
		};
		87E5006B28D5C04600C33F9E /* Release */ = {
			isa = XCBuildConfiguration;
			buildSettings = {
				ALWAYS_SEARCH_USER_PATHS = NO;
				CLANG_ANALYZER_NONNULL = YES;
				CLANG_ANALYZER_NUMBER_OBJECT_CONVERSION = YES_AGGRESSIVE;
				CLANG_CXX_LANGUAGE_STANDARD = "gnu++17";
				CLANG_ENABLE_MODULES = YES;
				CLANG_ENABLE_OBJC_ARC = YES;
				CLANG_ENABLE_OBJC_WEAK = YES;
				CLANG_WARN_BLOCK_CAPTURE_AUTORELEASING = YES;
				CLANG_WARN_BOOL_CONVERSION = YES;
				CLANG_WARN_COMMA = YES;
				CLANG_WARN_CONSTANT_CONVERSION = YES;
				CLANG_WARN_DEPRECATED_OBJC_IMPLEMENTATIONS = YES;
				CLANG_WARN_DIRECT_OBJC_ISA_USAGE = YES_ERROR;
				CLANG_WARN_DOCUMENTATION_COMMENTS = YES;
				CLANG_WARN_EMPTY_BODY = YES;
				CLANG_WARN_ENUM_CONVERSION = YES;
				CLANG_WARN_INFINITE_RECURSION = YES;
				CLANG_WARN_INT_CONVERSION = YES;
				CLANG_WARN_NON_LITERAL_NULL_CONVERSION = YES;
				CLANG_WARN_OBJC_IMPLICIT_RETAIN_SELF = YES;
				CLANG_WARN_OBJC_LITERAL_CONVERSION = YES;
				CLANG_WARN_OBJC_ROOT_CLASS = YES_ERROR;
				CLANG_WARN_QUOTED_INCLUDE_IN_FRAMEWORK_HEADER = YES;
				CLANG_WARN_RANGE_LOOP_ANALYSIS = YES;
				CLANG_WARN_STRICT_PROTOTYPES = YES;
				CLANG_WARN_SUSPICIOUS_MOVE = YES;
				CLANG_WARN_UNGUARDED_AVAILABILITY = YES_AGGRESSIVE;
				CLANG_WARN_UNREACHABLE_CODE = YES;
				CLANG_WARN__DUPLICATE_METHOD_MATCH = YES;
				COPY_PHASE_STRIP = NO;
				DEBUG_INFORMATION_FORMAT = "dwarf-with-dsym";
				ENABLE_NS_ASSERTIONS = NO;
				ENABLE_STRICT_OBJC_MSGSEND = YES;
				GCC_C_LANGUAGE_STANDARD = gnu11;
				GCC_NO_COMMON_BLOCKS = YES;
				GCC_WARN_64_TO_32_BIT_CONVERSION = YES;
				GCC_WARN_ABOUT_RETURN_TYPE = YES_ERROR;
				GCC_WARN_UNDECLARED_SELECTOR = YES;
				GCC_WARN_UNINITIALIZED_AUTOS = YES_AGGRESSIVE;
				GCC_WARN_UNUSED_FUNCTION = YES;
				GCC_WARN_UNUSED_VARIABLE = YES;
				IPHONEOS_DEPLOYMENT_TARGET = 15.4;
				MTL_ENABLE_DEBUG_INFO = NO;
				MTL_FAST_MATH = YES;
				SDKROOT = iphoneos;
				SWIFT_COMPILATION_MODE = wholemodule;
				SWIFT_OPTIMIZATION_LEVEL = "-O";
				VALIDATE_PRODUCT = YES;
			};
			name = Release;
		};
		87E5006D28D5C04600C33F9E /* Debug */ = {
			isa = XCBuildConfiguration;
			buildSettings = {
				ASSETCATALOG_COMPILER_APPICON_NAME = AppIcon;
				ASSETCATALOG_COMPILER_GLOBAL_ACCENT_COLOR_NAME = AccentColor;
				CODE_SIGN_STYLE = Automatic;
				CURRENT_PROJECT_VERSION = 1;
				DEVELOPMENT_TEAM = Y9H897VKWQ;
				GENERATE_INFOPLIST_FILE = YES;
				INFOPLIST_FILE = "Qiuzler-mvvm/Info.plist";
				INFOPLIST_KEY_UIApplicationSupportsIndirectInputEvents = YES;
				INFOPLIST_KEY_UILaunchStoryboardName = LaunchScreen;
				INFOPLIST_KEY_UIMainStoryboardFile = Main;
				INFOPLIST_KEY_UISupportedInterfaceOrientations = UIInterfaceOrientationPortrait;
				INFOPLIST_KEY_UISupportedInterfaceOrientations_iPad = "UIInterfaceOrientationPortrait UIInterfaceOrientationPortraitUpsideDown UIInterfaceOrientationLandscapeLeft UIInterfaceOrientationLandscapeRight";
				INFOPLIST_KEY_UISupportedInterfaceOrientations_iPhone = "UIInterfaceOrientationPortrait UIInterfaceOrientationLandscapeLeft UIInterfaceOrientationLandscapeRight";
				LD_RUNPATH_SEARCH_PATHS = (
					"$(inherited)",
					"@executable_path/Frameworks",
				);
				MARKETING_VERSION = 1.0;
				PRODUCT_BUNDLE_IDENTIFIER = "co-nuntapath.Qiuzler-mvvm";
				PRODUCT_NAME = "$(TARGET_NAME)";
				SWIFT_EMIT_LOC_STRINGS = YES;
				SWIFT_VERSION = 5.0;
				TARGETED_DEVICE_FAMILY = "1,2";
			};
			name = Debug;
		};
		87E5006E28D5C04600C33F9E /* Release */ = {
			isa = XCBuildConfiguration;
			buildSettings = {
				ASSETCATALOG_COMPILER_APPICON_NAME = AppIcon;
				ASSETCATALOG_COMPILER_GLOBAL_ACCENT_COLOR_NAME = AccentColor;
				CODE_SIGN_STYLE = Automatic;
				CURRENT_PROJECT_VERSION = 1;
				DEVELOPMENT_TEAM = Y9H897VKWQ;
				GENERATE_INFOPLIST_FILE = YES;
				INFOPLIST_FILE = "Qiuzler-mvvm/Info.plist";
				INFOPLIST_KEY_UIApplicationSupportsIndirectInputEvents = YES;
				INFOPLIST_KEY_UILaunchStoryboardName = LaunchScreen;
				INFOPLIST_KEY_UIMainStoryboardFile = Main;
				INFOPLIST_KEY_UISupportedInterfaceOrientations = UIInterfaceOrientationPortrait;
				INFOPLIST_KEY_UISupportedInterfaceOrientations_iPad = "UIInterfaceOrientationPortrait UIInterfaceOrientationPortraitUpsideDown UIInterfaceOrientationLandscapeLeft UIInterfaceOrientationLandscapeRight";
				INFOPLIST_KEY_UISupportedInterfaceOrientations_iPhone = "UIInterfaceOrientationPortrait UIInterfaceOrientationLandscapeLeft UIInterfaceOrientationLandscapeRight";
				LD_RUNPATH_SEARCH_PATHS = (
					"$(inherited)",
					"@executable_path/Frameworks",
				);
				MARKETING_VERSION = 1.0;
				PRODUCT_BUNDLE_IDENTIFIER = "co-nuntapath.Qiuzler-mvvm";
				PRODUCT_NAME = "$(TARGET_NAME)";
				SWIFT_EMIT_LOC_STRINGS = YES;
				SWIFT_VERSION = 5.0;
				TARGETED_DEVICE_FAMILY = "1,2";
			};
			name = Release;
		};
/* End XCBuildConfiguration section */

/* Begin XCConfigurationList section */
		87E5005328D5C04400C33F9E /* Build configuration list for PBXProject "Qiuzler-mvvm" */ = {
			isa = XCConfigurationList;
			buildConfigurations = (
				87E5006A28D5C04600C33F9E /* Debug */,
				87E5006B28D5C04600C33F9E /* Release */,
			);
			defaultConfigurationIsVisible = 0;
			defaultConfigurationName = Release;
		};
		87E5006C28D5C04600C33F9E /* Build configuration list for PBXNativeTarget "Qiuzler-mvvm" */ = {
			isa = XCConfigurationList;
			buildConfigurations = (
				87E5006D28D5C04600C33F9E /* Debug */,
				87E5006E28D5C04600C33F9E /* Release */,
			);
			defaultConfigurationIsVisible = 0;
			defaultConfigurationName = Release;
		};
/* End XCConfigurationList section */
	};
	rootObject = 87E5005028D5C04300C33F9E /* Project object */;
}
